// !$*UTF8*$!
{
	archiveVersion = 1;
	classes = {
	};
	objectVersion = 51;
	objects = {

/* Begin PBXBuildFile section */
		096A5BFCCD5B686A0D5876A7 /* Assets.xcassets in Resources */ = {isa = PBXBuildFile; fileRef = 6DA379EDC987E2F2133F1BA6 /* Assets.xcassets */; };
		0B73408AD35A4D0B7CF9C496 /* Appcues in Frameworks */ = {isa = PBXBuildFile; productRef = E1384FC6F48CF89CB7692D91 /* Appcues */; };
		0F5A613ADDE782008347CFE2 /* SignInViewController.swift in Sources */ = {isa = PBXBuildFile; fileRef = DDF1CF95581420B9D19A3B17 /* SignInViewController.swift */; };
		15B4CFDDD09DA62CDA6F6B3C /* AppcuesDestination.swift in Sources */ = {isa = PBXBuildFile; fileRef = 69A5A994DFCE5A744D7703A7 /* AppcuesDestination.swift */; };
		16C0C3F96C13FB79F33FC85C /* ProfileViewController.swift in Sources */ = {isa = PBXBuildFile; fileRef = C3DCEDF8AA853DFF8CA9E601 /* ProfileViewController.swift */; };
		20374C2D510399894ADCC44E /* SceneDelegate.swift in Sources */ = {isa = PBXBuildFile; fileRef = FFB622FAEF94DD34049FCABA /* SceneDelegate.swift */; };
		56703BA6135C5006C0E27438 /* Segment in Frameworks */ = {isa = PBXBuildFile; productRef = 94F64F73E18BAC132F477D4C /* Segment */; };
		583B9F8303592EF95B3E9FDE /* LaunchScreen.storyboard in Resources */ = {isa = PBXBuildFile; fileRef = D9562F1AE2D3AD86356B00C9 /* LaunchScreen.storyboard */; };
		A3A39CBC383CDCB372F89ABE /* Main.storyboard in Resources */ = {isa = PBXBuildFile; fileRef = 61A2FA82500D4BD79D66E534 /* Main.storyboard */; };
		CB9E6EDBE8420D5BD7F20788 /* EventsViewController.swift in Sources */ = {isa = PBXBuildFile; fileRef = A4857A1E1E930E154F941E32 /* EventsViewController.swift */; };
		F538EC84951F64D0860C6346 /* AppDelegate.swift in Sources */ = {isa = PBXBuildFile; fileRef = BBD939763EFD0A85A7E22ACC /* AppDelegate.swift */; };
/* End PBXBuildFile section */

/* Begin PBXFileReference section */
		69A5A994DFCE5A744D7703A7 /* AppcuesDestination.swift */ = {isa = PBXFileReference; lastKnownFileType = sourcecode.swift; path = AppcuesDestination.swift; sourceTree = "<group>"; };
		6DA379EDC987E2F2133F1BA6 /* Assets.xcassets */ = {isa = PBXFileReference; lastKnownFileType = folder.assetcatalog; path = Assets.xcassets; sourceTree = "<group>"; };
		719F42221967743984476BE8 /* Base */ = {isa = PBXFileReference; lastKnownFileType = file.storyboard; name = Base; path = Base.lproj/LaunchScreen.storyboard; sourceTree = "<group>"; };
		7FF4D700743515AD753C03AA /* Info.plist */ = {isa = PBXFileReference; lastKnownFileType = text.plist; path = Info.plist; sourceTree = "<group>"; };
		A4857A1E1E930E154F941E32 /* EventsViewController.swift */ = {isa = PBXFileReference; lastKnownFileType = sourcecode.swift; path = EventsViewController.swift; sourceTree = "<group>"; };
		A4DDC1D3BCA0C61E5DCBC47F /* SegmentDestinationExample.app */ = {isa = PBXFileReference; includeInIndex = 0; lastKnownFileType = wrapper.application; path = SegmentDestinationExample.app; sourceTree = BUILT_PRODUCTS_DIR; };
		BBD939763EFD0A85A7E22ACC /* AppDelegate.swift */ = {isa = PBXFileReference; lastKnownFileType = sourcecode.swift; path = AppDelegate.swift; sourceTree = "<group>"; };
		C2BBA67F9DBA3BEED0BD9B44 /* appcues-ios-sdk */ = {isa = PBXFileReference; lastKnownFileType = folder; name = "appcues-ios-sdk"; path = ../..; sourceTree = SOURCE_ROOT; };
		C3DCEDF8AA853DFF8CA9E601 /* ProfileViewController.swift */ = {isa = PBXFileReference; lastKnownFileType = sourcecode.swift; path = ProfileViewController.swift; sourceTree = "<group>"; };
		DDF1CF95581420B9D19A3B17 /* SignInViewController.swift */ = {isa = PBXFileReference; lastKnownFileType = sourcecode.swift; path = SignInViewController.swift; sourceTree = "<group>"; };
		FE697763E4CBC3AA56E7E822 /* Base */ = {isa = PBXFileReference; lastKnownFileType = file.storyboard; name = Base; path = Base.lproj/Main.storyboard; sourceTree = "<group>"; };
		FFB622FAEF94DD34049FCABA /* SceneDelegate.swift */ = {isa = PBXFileReference; lastKnownFileType = sourcecode.swift; path = SceneDelegate.swift; sourceTree = "<group>"; };
/* End PBXFileReference section */

/* Begin PBXFrameworksBuildPhase section */
		00DC8430D9CEC9E8943959E1 /* Frameworks */ = {
			isa = PBXFrameworksBuildPhase;
			buildActionMask = 2147483647;
			files = (
				56703BA6135C5006C0E27438 /* Segment in Frameworks */,
				0B73408AD35A4D0B7CF9C496 /* Appcues in Frameworks */,
			);
			runOnlyForDeploymentPostprocessing = 0;
		};
/* End PBXFrameworksBuildPhase section */

/* Begin PBXGroup section */
		576B58207C8CF70A9F5639D2 /* SegmentDestinationExample */ = {
			isa = PBXGroup;
			children = (
				76E9E95BF8D1D0A210B63BB1 /* DestinationPlugin */,
				BBD939763EFD0A85A7E22ACC /* AppDelegate.swift */,
				6DA379EDC987E2F2133F1BA6 /* Assets.xcassets */,
				A4857A1E1E930E154F941E32 /* EventsViewController.swift */,
				7FF4D700743515AD753C03AA /* Info.plist */,
				D9562F1AE2D3AD86356B00C9 /* LaunchScreen.storyboard */,
				61A2FA82500D4BD79D66E534 /* Main.storyboard */,
				C3DCEDF8AA853DFF8CA9E601 /* ProfileViewController.swift */,
				FFB622FAEF94DD34049FCABA /* SceneDelegate.swift */,
				DDF1CF95581420B9D19A3B17 /* SignInViewController.swift */,
			);
			path = SegmentDestinationExample;
			sourceTree = "<group>";
		};
		76E9E95BF8D1D0A210B63BB1 /* DestinationPlugin */ = {
			isa = PBXGroup;
			children = (
				69A5A994DFCE5A744D7703A7 /* AppcuesDestination.swift */,
			);
			path = DestinationPlugin;
			sourceTree = "<group>";
		};
		83D2741D45AFB60896660E04 /* Packages */ = {
			isa = PBXGroup;
			children = (
				C2BBA67F9DBA3BEED0BD9B44 /* appcues-ios-sdk */,
			);
			name = Packages;
			sourceTree = SOURCE_ROOT;
		};
		E1AF2AF96311B3929AFCAAA7 = {
			isa = PBXGroup;
			children = (
				83D2741D45AFB60896660E04 /* Packages */,
				576B58207C8CF70A9F5639D2 /* SegmentDestinationExample */,
				FA856D54255628EFBD36DD7B /* Products */,
			);
			sourceTree = "<group>";
		};
		FA856D54255628EFBD36DD7B /* Products */ = {
			isa = PBXGroup;
			children = (
				A4DDC1D3BCA0C61E5DCBC47F /* SegmentDestinationExample.app */,
			);
			name = Products;
			sourceTree = "<group>";
		};
/* End PBXGroup section */

/* Begin PBXNativeTarget section */
		576BAA45E91E7837E70F3160 /* SegmentDestinationExample */ = {
			isa = PBXNativeTarget;
			buildConfigurationList = B5F6703849CC08665A4F4CEE /* Build configuration list for PBXNativeTarget "SegmentDestinationExample" */;
			buildPhases = (
				D3064F12B56CB95482D1B268 /* Sources */,
				E7254B4BD3D352431E3696D3 /* Resources */,
				00DC8430D9CEC9E8943959E1 /* Frameworks */,
				3C27D8FB4936D379E75543CC /* SwiftLint */,
			);
			buildRules = (
			);
			dependencies = (
			);
			name = SegmentDestinationExample;
			packageProductDependencies = (
				94F64F73E18BAC132F477D4C /* Segment */,
				E1384FC6F48CF89CB7692D91 /* Appcues */,
			);
			productName = SegmentDestinationExample;
			productReference = A4DDC1D3BCA0C61E5DCBC47F /* SegmentDestinationExample.app */;
			productType = "com.apple.product-type.application";
		};
/* End PBXNativeTarget section */

/* Begin PBXProject section */
		A9833B58233EDFA33003F8FE /* Project object */ = {
			isa = PBXProject;
			attributes = {
				LastUpgradeCheck = 1200;
				TargetAttributes = {
				};
			};
			buildConfigurationList = A6FC403C49432CB9A9956BE1 /* Build configuration list for PBXProject "SegmentDestinationExample" */;
			compatibilityVersion = "Xcode 10.0";
			developmentRegion = en;
			hasScannedForEncodings = 0;
			knownRegions = (
				Base,
				en,
			);
			mainGroup = E1AF2AF96311B3929AFCAAA7;
			packageReferences = (
				84ED075FD9E3805A03E6DFD7 /* XCRemoteSwiftPackageReference "analytics-swift" */,
			);
			projectDirPath = "";
			projectRoot = "";
			targets = (
				576BAA45E91E7837E70F3160 /* SegmentDestinationExample */,
			);
		};
/* End PBXProject section */

/* Begin PBXResourcesBuildPhase section */
		E7254B4BD3D352431E3696D3 /* Resources */ = {
			isa = PBXResourcesBuildPhase;
			buildActionMask = 2147483647;
			files = (
				096A5BFCCD5B686A0D5876A7 /* Assets.xcassets in Resources */,
				583B9F8303592EF95B3E9FDE /* LaunchScreen.storyboard in Resources */,
				A3A39CBC383CDCB372F89ABE /* Main.storyboard in Resources */,
			);
			runOnlyForDeploymentPostprocessing = 0;
		};
/* End PBXResourcesBuildPhase section */

/* Begin PBXShellScriptBuildPhase section */
		3C27D8FB4936D379E75543CC /* SwiftLint */ = {
			isa = PBXShellScriptBuildPhase;
			buildActionMask = 2147483647;
			files = (
			);
			inputFileListPaths = (
			);
			inputPaths = (
			);
			name = SwiftLint;
			outputFileListPaths = (
			);
			outputPaths = (
			);
			runOnlyForDeploymentPostprocessing = 0;
			shellPath = /bin/sh;
			shellScript = "if which mint >/dev/null; then\nmint run swiftlint\nelse\necho \"warning: Mint not installed, install from https://github.com/yonaskolb/Mint\"\nfi ";
		};
/* End PBXShellScriptBuildPhase section */

/* Begin PBXSourcesBuildPhase section */
		D3064F12B56CB95482D1B268 /* Sources */ = {
			isa = PBXSourcesBuildPhase;
			buildActionMask = 2147483647;
			files = (
				F538EC84951F64D0860C6346 /* AppDelegate.swift in Sources */,
				15B4CFDDD09DA62CDA6F6B3C /* AppcuesDestination.swift in Sources */,
				CB9E6EDBE8420D5BD7F20788 /* EventsViewController.swift in Sources */,
				16C0C3F96C13FB79F33FC85C /* ProfileViewController.swift in Sources */,
				20374C2D510399894ADCC44E /* SceneDelegate.swift in Sources */,
				0F5A613ADDE782008347CFE2 /* SignInViewController.swift in Sources */,
			);
			runOnlyForDeploymentPostprocessing = 0;
		};
/* End PBXSourcesBuildPhase section */

/* Begin PBXVariantGroup section */
		61A2FA82500D4BD79D66E534 /* Main.storyboard */ = {
			isa = PBXVariantGroup;
			children = (
				FE697763E4CBC3AA56E7E822 /* Base */,
			);
			name = Main.storyboard;
			sourceTree = "<group>";
		};
		D9562F1AE2D3AD86356B00C9 /* LaunchScreen.storyboard */ = {
			isa = PBXVariantGroup;
			children = (
				719F42221967743984476BE8 /* Base */,
			);
			name = LaunchScreen.storyboard;
			sourceTree = "<group>";
		};
/* End PBXVariantGroup section */

/* Begin XCBuildConfiguration section */
		323BCC8F7D800E51FC328668 /* Debug */ = {
			isa = XCBuildConfiguration;
			buildSettings = {
				ASSETCATALOG_COMPILER_APPICON_NAME = AppIcon;
				ASSETCATALOG_COMPILER_GLOBAL_ACCENT_COLOR_NAME = AccentColor;
				CODE_SIGN_IDENTITY = "iPhone Developer";
				INFOPLIST_FILE = SegmentDestinationExample/Info.plist;
				LD_RUNPATH_SEARCH_PATHS = (
					"$(inherited)",
					"@executable_path/Frameworks",
				);
				PRODUCT_BUNDLE_IDENTIFIER = "com.appcues.segment-example";
				SDKROOT = iphoneos;
				TARGETED_DEVICE_FAMILY = "1,2";
			};
			name = Debug;
		};
		520894C6D7504F2C3882D30F /* Release */ = {
			isa = XCBuildConfiguration;
			buildSettings = {
				ALWAYS_SEARCH_USER_PATHS = NO;
				CLANG_ANALYZER_NONNULL = YES;
				CLANG_ANALYZER_NUMBER_OBJECT_CONVERSION = YES_AGGRESSIVE;
				CLANG_CXX_LANGUAGE_STANDARD = "gnu++14";
				CLANG_CXX_LIBRARY = "libc++";
				CLANG_ENABLE_MODULES = YES;
				CLANG_ENABLE_OBJC_ARC = YES;
				CLANG_ENABLE_OBJC_WEAK = YES;
				CLANG_WARN_BLOCK_CAPTURE_AUTORELEASING = YES;
				CLANG_WARN_BOOL_CONVERSION = YES;
				CLANG_WARN_COMMA = YES;
				CLANG_WARN_CONSTANT_CONVERSION = YES;
				CLANG_WARN_DEPRECATED_OBJC_IMPLEMENTATIONS = YES;
				CLANG_WARN_DIRECT_OBJC_ISA_USAGE = YES_ERROR;
				CLANG_WARN_DOCUMENTATION_COMMENTS = YES;
				CLANG_WARN_EMPTY_BODY = YES;
				CLANG_WARN_ENUM_CONVERSION = YES;
				CLANG_WARN_INFINITE_RECURSION = YES;
				CLANG_WARN_INT_CONVERSION = YES;
				CLANG_WARN_NON_LITERAL_NULL_CONVERSION = YES;
				CLANG_WARN_OBJC_IMPLICIT_RETAIN_SELF = YES;
				CLANG_WARN_OBJC_LITERAL_CONVERSION = YES;
				CLANG_WARN_OBJC_ROOT_CLASS = YES_ERROR;
				CLANG_WARN_QUOTED_INCLUDE_IN_FRAMEWORK_HEADER = YES;
				CLANG_WARN_RANGE_LOOP_ANALYSIS = YES;
				CLANG_WARN_STRICT_PROTOTYPES = YES;
				CLANG_WARN_SUSPICIOUS_MOVE = YES;
				CLANG_WARN_UNGUARDED_AVAILABILITY = YES_AGGRESSIVE;
				CLANG_WARN_UNREACHABLE_CODE = YES;
				CLANG_WARN__DUPLICATE_METHOD_MATCH = YES;
				COPY_PHASE_STRIP = NO;
				DEBUG_INFORMATION_FORMAT = "dwarf-with-dsym";
				ENABLE_NS_ASSERTIONS = NO;
				ENABLE_STRICT_OBJC_MSGSEND = YES;
				GCC_C_LANGUAGE_STANDARD = gnu11;
				GCC_NO_COMMON_BLOCKS = YES;
				GCC_WARN_64_TO_32_BIT_CONVERSION = YES;
				GCC_WARN_ABOUT_RETURN_TYPE = YES_ERROR;
				GCC_WARN_UNDECLARED_SELECTOR = YES;
				GCC_WARN_UNINITIALIZED_AUTOS = YES_AGGRESSIVE;
				GCC_WARN_UNUSED_FUNCTION = YES;
				GCC_WARN_UNUSED_VARIABLE = YES;
				IPHONEOS_DEPLOYMENT_TARGET = 13.0;
				MTL_ENABLE_DEBUG_INFO = NO;
				MTL_FAST_MATH = YES;
				PRODUCT_NAME = "$(TARGET_NAME)";
				SDKROOT = iphoneos;
				SWIFT_COMPILATION_MODE = wholemodule;
				SWIFT_OPTIMIZATION_LEVEL = "-O";
				SWIFT_VERSION = 5.0;
			};
			name = Release;
		};
		8918DDB27A3D82F5B4EBED81 /* Release */ = {
			isa = XCBuildConfiguration;
			buildSettings = {
				ASSETCATALOG_COMPILER_APPICON_NAME = AppIcon;
				ASSETCATALOG_COMPILER_GLOBAL_ACCENT_COLOR_NAME = AccentColor;
				CODE_SIGN_IDENTITY = "iPhone Developer";
				INFOPLIST_FILE = SegmentDestinationExample/Info.plist;
				LD_RUNPATH_SEARCH_PATHS = (
					"$(inherited)",
					"@executable_path/Frameworks",
				);
				PRODUCT_BUNDLE_IDENTIFIER = "com.appcues.segment-example";
				SDKROOT = iphoneos;
				TARGETED_DEVICE_FAMILY = "1,2";
			};
			name = Release;
		};
		B535D00329E2A1A203118580 /* Debug */ = {
			isa = XCBuildConfiguration;
			buildSettings = {
				ALWAYS_SEARCH_USER_PATHS = NO;
				CLANG_ANALYZER_NONNULL = YES;
				CLANG_ANALYZER_NUMBER_OBJECT_CONVERSION = YES_AGGRESSIVE;
				CLANG_CXX_LANGUAGE_STANDARD = "gnu++14";
				CLANG_CXX_LIBRARY = "libc++";
				CLANG_ENABLE_MODULES = YES;
				CLANG_ENABLE_OBJC_ARC = YES;
				CLANG_ENABLE_OBJC_WEAK = YES;
				CLANG_WARN_BLOCK_CAPTURE_AUTORELEASING = YES;
				CLANG_WARN_BOOL_CONVERSION = YES;
				CLANG_WARN_COMMA = YES;
				CLANG_WARN_CONSTANT_CONVERSION = YES;
				CLANG_WARN_DEPRECATED_OBJC_IMPLEMENTATIONS = YES;
				CLANG_WARN_DIRECT_OBJC_ISA_USAGE = YES_ERROR;
				CLANG_WARN_DOCUMENTATION_COMMENTS = YES;
				CLANG_WARN_EMPTY_BODY = YES;
				CLANG_WARN_ENUM_CONVERSION = YES;
				CLANG_WARN_INFINITE_RECURSION = YES;
				CLANG_WARN_INT_CONVERSION = YES;
				CLANG_WARN_NON_LITERAL_NULL_CONVERSION = YES;
				CLANG_WARN_OBJC_IMPLICIT_RETAIN_SELF = YES;
				CLANG_WARN_OBJC_LITERAL_CONVERSION = YES;
				CLANG_WARN_OBJC_ROOT_CLASS = YES_ERROR;
				CLANG_WARN_QUOTED_INCLUDE_IN_FRAMEWORK_HEADER = YES;
				CLANG_WARN_RANGE_LOOP_ANALYSIS = YES;
				CLANG_WARN_STRICT_PROTOTYPES = YES;
				CLANG_WARN_SUSPICIOUS_MOVE = YES;
				CLANG_WARN_UNGUARDED_AVAILABILITY = YES_AGGRESSIVE;
				CLANG_WARN_UNREACHABLE_CODE = YES;
				CLANG_WARN__DUPLICATE_METHOD_MATCH = YES;
				COPY_PHASE_STRIP = NO;
				DEBUG_INFORMATION_FORMAT = dwarf;
				ENABLE_STRICT_OBJC_MSGSEND = YES;
				ENABLE_TESTABILITY = YES;
				GCC_C_LANGUAGE_STANDARD = gnu11;
				GCC_DYNAMIC_NO_PIC = NO;
				GCC_NO_COMMON_BLOCKS = YES;
				GCC_OPTIMIZATION_LEVEL = 0;
				GCC_PREPROCESSOR_DEFINITIONS = (
					"$(inherited)",
					"DEBUG=1",
				);
				GCC_WARN_64_TO_32_BIT_CONVERSION = YES;
				GCC_WARN_ABOUT_RETURN_TYPE = YES_ERROR;
				GCC_WARN_UNDECLARED_SELECTOR = YES;
				GCC_WARN_UNINITIALIZED_AUTOS = YES_AGGRESSIVE;
				GCC_WARN_UNUSED_FUNCTION = YES;
				GCC_WARN_UNUSED_VARIABLE = YES;
				IPHONEOS_DEPLOYMENT_TARGET = 13.0;
				MTL_ENABLE_DEBUG_INFO = INCLUDE_SOURCE;
				MTL_FAST_MATH = YES;
				ONLY_ACTIVE_ARCH = YES;
				PRODUCT_NAME = "$(TARGET_NAME)";
				SDKROOT = iphoneos;
				SWIFT_ACTIVE_COMPILATION_CONDITIONS = DEBUG;
				SWIFT_OPTIMIZATION_LEVEL = "-Onone";
				SWIFT_VERSION = 5.0;
			};
			name = Debug;
		};
/* End XCBuildConfiguration section */

/* Begin XCConfigurationList section */
		A6FC403C49432CB9A9956BE1 /* Build configuration list for PBXProject "SegmentDestinationExample" */ = {
			isa = XCConfigurationList;
			buildConfigurations = (
				B535D00329E2A1A203118580 /* Debug */,
				520894C6D7504F2C3882D30F /* Release */,
			);
			defaultConfigurationIsVisible = 0;
			defaultConfigurationName = Release;
		};
		B5F6703849CC08665A4F4CEE /* Build configuration list for PBXNativeTarget "SegmentDestinationExample" */ = {
			isa = XCConfigurationList;
			buildConfigurations = (
				323BCC8F7D800E51FC328668 /* Debug */,
				8918DDB27A3D82F5B4EBED81 /* Release */,
			);
			defaultConfigurationIsVisible = 0;
			defaultConfigurationName = Release;
		};
/* End XCConfigurationList section */

/* Begin XCRemoteSwiftPackageReference section */
		84ED075FD9E3805A03E6DFD7 /* XCRemoteSwiftPackageReference "analytics-swift" */ = {
			isa = XCRemoteSwiftPackageReference;
			repositoryURL = "https://github.com/segmentio/analytics-swift";
			requirement = {
				kind = upToNextMajorVersion;
				minimumVersion = 1.0.0;
			};
		};
/* End XCRemoteSwiftPackageReference section */

/* Begin XCSwiftPackageProductDependency section */
		94F64F73E18BAC132F477D4C /* Segment */ = {
			isa = XCSwiftPackageProductDependency;
			package = 84ED075FD9E3805A03E6DFD7 /* XCRemoteSwiftPackageReference "analytics-swift" */;
			productName = Segment;
		};
		E1384FC6F48CF89CB7692D91 /* Appcues */ = {
			isa = XCSwiftPackageProductDependency;
			productName = Appcues;
		};
/* End XCSwiftPackageProductDependency section */
	};
	rootObject = A9833B58233EDFA33003F8FE /* Project object */;
}
