{
  "object": {
    "pins": [
      {
        "package": "Segment",
        "repositoryURL": "https://github.com/segmentio/analytics-swift",
        "state": {
          "branch": null,
          "revision": "ffc12658b60ff60ba8ab91f26a12768cb5e2902e",
          "version": "1.0.3"
        }
      },
      {
        "package": "Sovran",
        "repositoryURL": "https://github.com/segmentio/Sovran-Swift.git",
        "state": {
          "branch": null,
          "revision": "be79aad4393d36959f422c2b40566b84ee1170f7",
          "version": "1.0.2"
        }
      }
    ]
  },
  "version": 1
}
