// !$*UTF8*$!
{
	archiveVersion = 1;
	classes = {
	};
	objectVersion = 54;
	objects = {

/* Begin PBXBuildFile section */
		0384A2A89074FC193A107EE5 /* SignInViewController.swift in Sources */ = {isa = PBXBuildFile; fileRef = 8663BEDD1883CC408AA4A302 /* SignInViewController.swift */; };
		04F09F9C75FB66578541D199 /* Assets.xcassets in Resources */ = {isa = PBXBuildFile; fileRef = 2E1BE92E4A34AD818AD21FDC /* Assets.xcassets */; };
		160BF92965F22C6957DEB27C /* Mulish-Italic-VariableFont_wght.ttf in Resources */ = {isa = PBXBuildFile; fileRef = 1330BC6CE40DF0AEA0B5D802 /* Mulish-Italic-VariableFont_wght.ttf */; };
		3EADA9762D050C3E2ED69514 /* Lato-Regular.ttf in Resources */ = {isa = PBXBuildFile; fileRef = D3C0F23F9CDE7740C2E2DBF7 /* Lato-Regular.ttf */; };
		40A181AE1ED5DE1982FA05CC /* Mulish-VariableFont_wght.ttf in Resources */ = {isa = PBXBuildFile; fileRef = CF3444B81C1A2ED10CA985F2 /* Mulish-VariableFont_wght.ttf */; };
		622C6559F57A6A19F18D46C4 /* EmbedTestHarnessViewController.swift in Sources */ = {isa = PBXBuildFile; fileRef = 97E1B4A2DAE2893B3A919749 /* EmbedTestHarnessViewController.swift */; };
		64C809F864D3002CD52993CD /* GroupViewController.swift in Sources */ = {isa = PBXBuildFile; fileRef = 9CB61619365785F4544ED13D /* GroupViewController.swift */; };
		68E596FD295BCC69F06AF0B4 /* DeepLinkNavigator.swift in Sources */ = {isa = PBXBuildFile; fileRef = 5548F50894583A174A85628C /* DeepLinkNavigator.swift */; };
		8375F5A741AED2C0BDC7A00D /* Pods_AppcuesCocoapodsExample.framework in Frameworks */ = {isa = PBXBuildFile; fileRef = 9DEE2C0C0DB39E4E62783471 /* Pods_AppcuesCocoapodsExample.framework */; };
		866AA363BEFB1A42C8C1D149 /* Lato-Black.ttf in Resources */ = {isa = PBXBuildFile; fileRef = 547A647EB6D311E97F592C7C /* Lato-Black.ttf */; };
		8F7329B0046118A1DFA8B58D /* EmbedViewController.swift in Sources */ = {isa = PBXBuildFile; fileRef = 4978E4D08E607FD148F38FB9 /* EmbedViewController.swift */; };
		9E6FF9F4B22B8874E5AA6544 /* LaunchScreen.storyboard in Resources */ = {isa = PBXBuildFile; fileRef = 93D50517BBE18B336D130E13 /* LaunchScreen.storyboard */; };
		A245C61F75A6DAA8985A6772 /* AppDelegate.swift in Sources */ = {isa = PBXBuildFile; fileRef = 10C713E67205D9507CE2DC80 /* AppDelegate.swift */; };
		A5CE7AE8513C052690838416 /* SceneDelegate.swift in Sources */ = {isa = PBXBuildFile; fileRef = 25B8CDCE5B93FC3FE0FEB574 /* SceneDelegate.swift */; };
		B246D604B3AA669DFA5E25FB /* NotificationService.swift in Sources */ = {isa = PBXBuildFile; fileRef = D34615287562F7C453579B60 /* NotificationService.swift */; };
		B62E50722A74862AEBD2DE44 /* ScrollingTableViewController.swift in Sources */ = {isa = PBXBuildFile; fileRef = A3F518475589397A213D89DA /* ScrollingTableViewController.swift */; };
		CCD458B6662FC0AC5C80CAFF /* ProfileViewController.swift in Sources */ = {isa = PBXBuildFile; fileRef = 384497BA35A275E793B475C1 /* ProfileViewController.swift */; };
		CD156254F042866368E77CC3 /* Main.storyboard in Resources */ = {isa = PBXBuildFile; fileRef = 024025AF9E2E0D38C368A6AC /* Main.storyboard */; };
		DBE453F2B40A01B4818CB84E /* Lato-Bold.ttf in Resources */ = {isa = PBXBuildFile; fileRef = C47ABB97FE784624C32E96D7 /* Lato-Bold.ttf */; };
		EC6747EFCF3EDE3DE6E45EF3 /* EventsViewController.swift in Sources */ = {isa = PBXBuildFile; fileRef = 9D26E6136C6539597C9E50A9 /* EventsViewController.swift */; };
/* End PBXBuildFile section */

/* Begin PBXFileReference section */
		10C713E67205D9507CE2DC80 /* AppDelegate.swift */ = {isa = PBXFileReference; lastKnownFileType = sourcecode.swift; path = AppDelegate.swift; sourceTree = "<group>"; };
		1330BC6CE40DF0AEA0B5D802 /* Mulish-Italic-VariableFont_wght.ttf */ = {isa = PBXFileReference; lastKnownFileType = file; path = "Mulish-Italic-VariableFont_wght.ttf"; sourceTree = "<group>"; };
		25B8CDCE5B93FC3FE0FEB574 /* SceneDelegate.swift */ = {isa = PBXFileReference; lastKnownFileType = sourcecode.swift; path = SceneDelegate.swift; sourceTree = "<group>"; };
		2E1BE92E4A34AD818AD21FDC /* Assets.xcassets */ = {isa = PBXFileReference; lastKnownFileType = folder.assetcatalog; path = Assets.xcassets; sourceTree = "<group>"; };
		33558EA87F74CF18DDF92F09 /* Info.plist */ = {isa = PBXFileReference; lastKnownFileType = text.plist; path = Info.plist; sourceTree = "<group>"; };
		384497BA35A275E793B475C1 /* ProfileViewController.swift */ = {isa = PBXFileReference; lastKnownFileType = sourcecode.swift; path = ProfileViewController.swift; sourceTree = "<group>"; };
		4978E4D08E607FD148F38FB9 /* EmbedViewController.swift */ = {isa = PBXFileReference; lastKnownFileType = sourcecode.swift; path = EmbedViewController.swift; sourceTree = "<group>"; };
		547A647EB6D311E97F592C7C /* Lato-Black.ttf */ = {isa = PBXFileReference; lastKnownFileType = file; path = "Lato-Black.ttf"; sourceTree = "<group>"; };
		5548F50894583A174A85628C /* DeepLinkNavigator.swift */ = {isa = PBXFileReference; lastKnownFileType = sourcecode.swift; path = DeepLinkNavigator.swift; sourceTree = "<group>"; };
		5DC2B62290580560D162A8E7 /* Base */ = {isa = PBXFileReference; lastKnownFileType = file.storyboard; name = Base; path = Base.lproj/LaunchScreen.storyboard; sourceTree = "<group>"; };
		82DED1437C1DA54F0C231566 /* Base */ = {isa = PBXFileReference; lastKnownFileType = file.storyboard; name = Base; path = Base.lproj/Main.storyboard; sourceTree = "<group>"; };
		8663BEDD1883CC408AA4A302 /* SignInViewController.swift */ = {isa = PBXFileReference; lastKnownFileType = sourcecode.swift; path = SignInViewController.swift; sourceTree = "<group>"; };
		97E1B4A2DAE2893B3A919749 /* EmbedTestHarnessViewController.swift */ = {isa = PBXFileReference; lastKnownFileType = sourcecode.swift; path = EmbedTestHarnessViewController.swift; sourceTree = "<group>"; };
		98AA47DD8A38D313178BD4DA /* NotificationServiceExtension.appex */ = {isa = PBXFileReference; includeInIndex = 0; lastKnownFileType = "wrapper.app-extension"; path = NotificationServiceExtension.appex; sourceTree = BUILT_PRODUCTS_DIR; };
		9CB61619365785F4544ED13D /* GroupViewController.swift */ = {isa = PBXFileReference; lastKnownFileType = sourcecode.swift; path = GroupViewController.swift; sourceTree = "<group>"; };
		9D26E6136C6539597C9E50A9 /* EventsViewController.swift */ = {isa = PBXFileReference; lastKnownFileType = sourcecode.swift; path = EventsViewController.swift; sourceTree = "<group>"; };
		9DEE2C0C0DB39E4E62783471 /* Pods_AppcuesCocoapodsExample.framework */ = {isa = PBXFileReference; explicitFileType = wrapper.framework; includeInIndex = 0; path = Pods_AppcuesCocoapodsExample.framework; sourceTree = BUILT_PRODUCTS_DIR; };
		A3F518475589397A213D89DA /* ScrollingTableViewController.swift */ = {isa = PBXFileReference; lastKnownFileType = sourcecode.swift; path = ScrollingTableViewController.swift; sourceTree = "<group>"; };
		AAD7ED9DCA5972361B3F5E67 /* Info.plist */ = {isa = PBXFileReference; lastKnownFileType = text.plist; path = Info.plist; sourceTree = "<group>"; };
		B8E37D0C1B8FFF556A4AC5AA /* Pods-AppcuesCocoapodsExample.debug.xcconfig */ = {isa = PBXFileReference; includeInIndex = 1; lastKnownFileType = text.xcconfig; name = "Pods-AppcuesCocoapodsExample.debug.xcconfig"; path = "Target Support Files/Pods-AppcuesCocoapodsExample/Pods-AppcuesCocoapodsExample.debug.xcconfig"; sourceTree = "<group>"; };
		C47ABB97FE784624C32E96D7 /* Lato-Bold.ttf */ = {isa = PBXFileReference; lastKnownFileType = file; path = "Lato-Bold.ttf"; sourceTree = "<group>"; };
		CF3444B81C1A2ED10CA985F2 /* Mulish-VariableFont_wght.ttf */ = {isa = PBXFileReference; lastKnownFileType = file; path = "Mulish-VariableFont_wght.ttf"; sourceTree = "<group>"; };
		D2C0EC54920737EBD7E2961F /* AppcuesCocoapodsExample.app */ = {isa = PBXFileReference; includeInIndex = 0; lastKnownFileType = wrapper.application; path = AppcuesCocoapodsExample.app; sourceTree = BUILT_PRODUCTS_DIR; };
		D34615287562F7C453579B60 /* NotificationService.swift */ = {isa = PBXFileReference; lastKnownFileType = sourcecode.swift; path = NotificationService.swift; sourceTree = "<group>"; };
		D3C0F23F9CDE7740C2E2DBF7 /* Lato-Regular.ttf */ = {isa = PBXFileReference; lastKnownFileType = file; path = "Lato-Regular.ttf"; sourceTree = "<group>"; };
		FB8479A1BD3CEADB6D4C5F2A /* Pods-AppcuesCocoapodsExample.release.xcconfig */ = {isa = PBXFileReference; includeInIndex = 1; lastKnownFileType = text.xcconfig; name = "Pods-AppcuesCocoapodsExample.release.xcconfig"; path = "Target Support Files/Pods-AppcuesCocoapodsExample/Pods-AppcuesCocoapodsExample.release.xcconfig"; sourceTree = "<group>"; };
/* End PBXFileReference section */

/* Begin PBXFrameworksBuildPhase section */
		5C2EE94DF0A78B8B94CDB9F1 /* Frameworks */ = {
			isa = PBXFrameworksBuildPhase;
			buildActionMask = 2147483647;
			files = (
				8375F5A741AED2C0BDC7A00D /* Pods_AppcuesCocoapodsExample.framework in Frameworks */,
			);
			runOnlyForDeploymentPostprocessing = 0;
		};
/* End PBXFrameworksBuildPhase section */

/* Begin PBXGroup section */
		1FE3F3C97CB4A18213B00765 /* NotificationServiceExtension */ = {
			isa = PBXGroup;
			children = (
				33558EA87F74CF18DDF92F09 /* Info.plist */,
				D34615287562F7C453579B60 /* NotificationService.swift */,
			);
			path = NotificationServiceExtension;
			sourceTree = "<group>";
		};
		3271BCB89D21367EC1AA9069 /* Fonts */ = {
			isa = PBXGroup;
			children = (
				547A647EB6D311E97F592C7C /* Lato-Black.ttf */,
				C47ABB97FE784624C32E96D7 /* Lato-Bold.ttf */,
				D3C0F23F9CDE7740C2E2DBF7 /* Lato-Regular.ttf */,
				1330BC6CE40DF0AEA0B5D802 /* Mulish-Italic-VariableFont_wght.ttf */,
				CF3444B81C1A2ED10CA985F2 /* Mulish-VariableFont_wght.ttf */,
			);
			path = Fonts;
			sourceTree = "<group>";
		};
		7B8A16315AAF9525AA5E0A21 /* Pods */ = {
			isa = PBXGroup;
			children = (
				B8E37D0C1B8FFF556A4AC5AA /* Pods-AppcuesCocoapodsExample.debug.xcconfig */,
				FB8479A1BD3CEADB6D4C5F2A /* Pods-AppcuesCocoapodsExample.release.xcconfig */,
			);
			name = Pods;
			path = Pods;
			sourceTree = "<group>";
		};
		8E16BA0B4697D91DBE3389A7 /* CocoapodsExample */ = {
			isa = PBXGroup;
			children = (
				3271BCB89D21367EC1AA9069 /* Fonts */,
				10C713E67205D9507CE2DC80 /* AppDelegate.swift */,
				2E1BE92E4A34AD818AD21FDC /* Assets.xcassets */,
				5548F50894583A174A85628C /* DeepLinkNavigator.swift */,
				97E1B4A2DAE2893B3A919749 /* EmbedTestHarnessViewController.swift */,
				4978E4D08E607FD148F38FB9 /* EmbedViewController.swift */,
				9D26E6136C6539597C9E50A9 /* EventsViewController.swift */,
				9CB61619365785F4544ED13D /* GroupViewController.swift */,
				AAD7ED9DCA5972361B3F5E67 /* Info.plist */,
				93D50517BBE18B336D130E13 /* LaunchScreen.storyboard */,
				024025AF9E2E0D38C368A6AC /* Main.storyboard */,
				384497BA35A275E793B475C1 /* ProfileViewController.swift */,
				25B8CDCE5B93FC3FE0FEB574 /* SceneDelegate.swift */,
				A3F518475589397A213D89DA /* ScrollingTableViewController.swift */,
				8663BEDD1883CC408AA4A302 /* SignInViewController.swift */,
			);
			path = CocoapodsExample;
			sourceTree = "<group>";
		};
		C743E51709EACC21B03B3A23 /* Products */ = {
			isa = PBXGroup;
			children = (
				D2C0EC54920737EBD7E2961F /* AppcuesCocoapodsExample.app */,
				98AA47DD8A38D313178BD4DA /* NotificationServiceExtension.appex */,
			);
			name = Products;
			sourceTree = "<group>";
		};
		C7A6ECAD43638C565FF25B3E = {
			isa = PBXGroup;
			children = (
				8E16BA0B4697D91DBE3389A7 /* CocoapodsExample */,
				1FE3F3C97CB4A18213B00765 /* NotificationServiceExtension */,
				C743E51709EACC21B03B3A23 /* Products */,
				7B8A16315AAF9525AA5E0A21 /* Pods */,
				EFB7E0A3D6E2186A0C89F63C /* Frameworks */,
			);
			sourceTree = "<group>";
		};
		EFB7E0A3D6E2186A0C89F63C /* Frameworks */ = {
			isa = PBXGroup;
			children = (
				9DEE2C0C0DB39E4E62783471 /* Pods_AppcuesCocoapodsExample.framework */,
			);
			name = Frameworks;
			sourceTree = "<group>";
		};
/* End PBXGroup section */

/* Begin PBXNativeTarget section */
		00565671D511A8220E19D249 /* NotificationServiceExtension */ = {
			isa = PBXNativeTarget;
			buildConfigurationList = DA0D3F7775224770E811557C /* Build configuration list for PBXNativeTarget "NotificationServiceExtension" */;
			buildPhases = (
				0C533839B37BFF02997B30E6 /* Sources */,
			);
			buildRules = (
			);
			dependencies = (
			);
			name = NotificationServiceExtension;
			productName = NotificationServiceExtension;
			productReference = 98AA47DD8A38D313178BD4DA /* NotificationServiceExtension.appex */;
			productType = "com.apple.product-type.app-extension";
		};
		1E702032C37004952014FAE0 /* AppcuesCocoapodsExample */ = {
			isa = PBXNativeTarget;
			buildConfigurationList = 7200554C7EB6F6E4E0D35C70 /* Build configuration list for PBXNativeTarget "AppcuesCocoapodsExample" */;
			buildPhases = (
				8B925462FFDC0D8509B6BEE3 /* [CP] Check Pods Manifest.lock */,
				39C4F25C30C2C38F00378FED /* Sources */,
				4B41B1A9E3D52747D92B7344 /* Resources */,
				6D4DB9FBC4445D937FD94125 /* SwiftLint */,
				5C2EE94DF0A78B8B94CDB9F1 /* Frameworks */,
				DD71F7884D6ABC59CA3524B2 /* [CP] Embed Pods Frameworks */,
			);
			buildRules = (
			);
			dependencies = (
			);
			name = AppcuesCocoapodsExample;
			productName = AppcuesCocoapodsExample;
			productReference = D2C0EC54920737EBD7E2961F /* AppcuesCocoapodsExample.app */;
			productType = "com.apple.product-type.application";
		};
/* End PBXNativeTarget section */

/* Begin PBXProject section */
		67D2B84E65AA4ACF4189F67E /* Project object */ = {
			isa = PBXProject;
			attributes = {
				BuildIndependentTargetsInParallel = YES;
				LastUpgradeCheck = 1430;
				TargetAttributes = {
				};
			};
			buildConfigurationList = 95033167E7E129F199208F61 /* Build configuration list for PBXProject "AppcuesCocoapodsExample" */;
			compatibilityVersion = "Xcode 14.0";
			developmentRegion = en;
			hasScannedForEncodings = 0;
			knownRegions = (
				Base,
				en,
			);
			mainGroup = C7A6ECAD43638C565FF25B3E;
			productRefGroup = C743E51709EACC21B03B3A23 /* Products */;
			projectDirPath = "";
			projectRoot = "";
			targets = (
				1E702032C37004952014FAE0 /* AppcuesCocoapodsExample */,
				00565671D511A8220E19D249 /* NotificationServiceExtension */,
			);
		};
/* End PBXProject section */

/* Begin PBXResourcesBuildPhase section */
		4B41B1A9E3D52747D92B7344 /* Resources */ = {
			isa = PBXResourcesBuildPhase;
			buildActionMask = 2147483647;
			files = (
				04F09F9C75FB66578541D199 /* Assets.xcassets in Resources */,
				866AA363BEFB1A42C8C1D149 /* Lato-Black.ttf in Resources */,
				DBE453F2B40A01B4818CB84E /* Lato-Bold.ttf in Resources */,
				3EADA9762D050C3E2ED69514 /* Lato-Regular.ttf in Resources */,
				9E6FF9F4B22B8874E5AA6544 /* LaunchScreen.storyboard in Resources */,
				CD156254F042866368E77CC3 /* Main.storyboard in Resources */,
				160BF92965F22C6957DEB27C /* Mulish-Italic-VariableFont_wght.ttf in Resources */,
				40A181AE1ED5DE1982FA05CC /* Mulish-VariableFont_wght.ttf in Resources */,
			);
			runOnlyForDeploymentPostprocessing = 0;
		};
/* End PBXResourcesBuildPhase section */

/* Begin PBXShellScriptBuildPhase section */
		6D4DB9FBC4445D937FD94125 /* SwiftLint */ = {
			isa = PBXShellScriptBuildPhase;
			buildActionMask = 2147483647;
			files = (
			);
			inputFileListPaths = (
			);
			inputPaths = (
			);
			name = SwiftLint;
			outputFileListPaths = (
			);
			outputPaths = (
			);
			runOnlyForDeploymentPostprocessing = 0;
			shellPath = /bin/sh;
			shellScript = "if which mint >/dev/null; then\nxcrun --sdk macosx mint run swiftlint@0.50.3\nelse\necho \"warning: Mint not installed, install from https://github.com/yonaskolb/Mint\"\nfi ";
		};
		8B925462FFDC0D8509B6BEE3 /* [CP] Check Pods Manifest.lock */ = {
			isa = PBXShellScriptBuildPhase;
			buildActionMask = 2147483647;
			files = (
			);
			inputFileListPaths = (
			);
			inputPaths = (
				"${PODS_PODFILE_DIR_PATH}/Podfile.lock",
				"${PODS_ROOT}/Manifest.lock",
			);
			name = "[CP] Check Pods Manifest.lock";
			outputFileListPaths = (
			);
			outputPaths = (
				"$(DERIVED_FILE_DIR)/Pods-AppcuesCocoapodsExample-checkManifestLockResult.txt",
			);
			runOnlyForDeploymentPostprocessing = 0;
			shellPath = /bin/sh;
			shellScript = "diff \"${PODS_PODFILE_DIR_PATH}/Podfile.lock\" \"${PODS_ROOT}/Manifest.lock\" > /dev/null\nif [ $? != 0 ] ; then\n    # print error to STDERR\n    echo \"error: The sandbox is not in sync with the Podfile.lock. Run 'pod install' or update your CocoaPods installation.\" >&2\n    exit 1\nfi\n# This output is used by Xcode 'outputs' to avoid re-running this script phase.\necho \"SUCCESS\" > \"${SCRIPT_OUTPUT_FILE_0}\"\n";
			showEnvVarsInLog = 0;
		};
		DD71F7884D6ABC59CA3524B2 /* [CP] Embed Pods Frameworks */ = {
			isa = PBXShellScriptBuildPhase;
			buildActionMask = 2147483647;
			files = (
			);
			inputFileListPaths = (
				"${PODS_ROOT}/Target Support Files/Pods-AppcuesCocoapodsExample/Pods-AppcuesCocoapodsExample-frameworks-${CONFIGURATION}-input-files.xcfilelist",
			);
			name = "[CP] Embed Pods Frameworks";
			outputFileListPaths = (
				"${PODS_ROOT}/Target Support Files/Pods-AppcuesCocoapodsExample/Pods-AppcuesCocoapodsExample-frameworks-${CONFIGURATION}-output-files.xcfilelist",
			);
			runOnlyForDeploymentPostprocessing = 0;
			shellPath = /bin/sh;
			shellScript = "\"${PODS_ROOT}/Target Support Files/Pods-AppcuesCocoapodsExample/Pods-AppcuesCocoapodsExample-frameworks.sh\"\n";
			showEnvVarsInLog = 0;
		};
/* End PBXShellScriptBuildPhase section */

/* Begin PBXSourcesBuildPhase section */
		0C533839B37BFF02997B30E6 /* Sources */ = {
			isa = PBXSourcesBuildPhase;
			buildActionMask = 2147483647;
			files = (
				B246D604B3AA669DFA5E25FB /* NotificationService.swift in Sources */,
			);
			runOnlyForDeploymentPostprocessing = 0;
		};
		39C4F25C30C2C38F00378FED /* Sources */ = {
			isa = PBXSourcesBuildPhase;
			buildActionMask = 2147483647;
			files = (
				A245C61F75A6DAA8985A6772 /* AppDelegate.swift in Sources */,
				68E596FD295BCC69F06AF0B4 /* DeepLinkNavigator.swift in Sources */,
				622C6559F57A6A19F18D46C4 /* EmbedTestHarnessViewController.swift in Sources */,
				8F7329B0046118A1DFA8B58D /* EmbedViewController.swift in Sources */,
				EC6747EFCF3EDE3DE6E45EF3 /* EventsViewController.swift in Sources */,
				64C809F864D3002CD52993CD /* GroupViewController.swift in Sources */,
				CCD458B6662FC0AC5C80CAFF /* ProfileViewController.swift in Sources */,
				A5CE7AE8513C052690838416 /* SceneDelegate.swift in Sources */,
				B62E50722A74862AEBD2DE44 /* ScrollingTableViewController.swift in Sources */,
				0384A2A89074FC193A107EE5 /* SignInViewController.swift in Sources */,
			);
			runOnlyForDeploymentPostprocessing = 0;
		};
/* End PBXSourcesBuildPhase section */

/* Begin PBXVariantGroup section */
		024025AF9E2E0D38C368A6AC /* Main.storyboard */ = {
			isa = PBXVariantGroup;
			children = (
				82DED1437C1DA54F0C231566 /* Base */,
			);
			name = Main.storyboard;
			sourceTree = "<group>";
		};
		93D50517BBE18B336D130E13 /* LaunchScreen.storyboard */ = {
			isa = PBXVariantGroup;
			children = (
				5DC2B62290580560D162A8E7 /* Base */,
			);
			name = LaunchScreen.storyboard;
			sourceTree = "<group>";
		};
/* End PBXVariantGroup section */

/* Begin XCBuildConfiguration section */
		015038143918E0C7F9D7E873 /* Debug */ = {
			isa = XCBuildConfiguration;
			baseConfigurationReference = B8E37D0C1B8FFF556A4AC5AA /* Pods-AppcuesCocoapodsExample.debug.xcconfig */;
			buildSettings = {
				ASSETCATALOG_COMPILER_APPICON_NAME = AppIcon;
				ASSETCATALOG_COMPILER_GLOBAL_ACCENT_COLOR_NAME = AccentColor;
				CODE_SIGN_ENTITLEMENTS = AppcuesCocoapodsExample.entitlements;
				CODE_SIGN_IDENTITY = "iPhone Developer";
				INFOPLIST_FILE = CocoapodsExample/Info.plist;
				LD_RUNPATH_SEARCH_PATHS = (
					"$(inherited)",
					"@executable_path/Frameworks",
				);
				PRODUCT_BUNDLE_IDENTIFIER = "com.appcues.sdk-example-cocoapods";
				SDKROOT = iphoneos;
				TARGETED_DEVICE_FAMILY = "1,2";
			};
			name = Debug;
		};
		1D42133B47916C07002AA9C0 /* Debug */ = {
			isa = XCBuildConfiguration;
			buildSettings = {
				ALWAYS_SEARCH_USER_PATHS = NO;
				CLANG_ANALYZER_NONNULL = YES;
				CLANG_ANALYZER_NUMBER_OBJECT_CONVERSION = YES_AGGRESSIVE;
				CLANG_CXX_LANGUAGE_STANDARD = "gnu++14";
				CLANG_CXX_LIBRARY = "libc++";
				CLANG_ENABLE_MODULES = YES;
				CLANG_ENABLE_OBJC_ARC = YES;
				CLANG_ENABLE_OBJC_WEAK = YES;
				CLANG_WARN_BLOCK_CAPTURE_AUTORELEASING = YES;
				CLANG_WARN_BOOL_CONVERSION = YES;
				CLANG_WARN_COMMA = YES;
				CLANG_WARN_CONSTANT_CONVERSION = YES;
				CLANG_WARN_DEPRECATED_OBJC_IMPLEMENTATIONS = YES;
				CLANG_WARN_DIRECT_OBJC_ISA_USAGE = YES_ERROR;
				CLANG_WARN_DOCUMENTATION_COMMENTS = YES;
				CLANG_WARN_EMPTY_BODY = YES;
				CLANG_WARN_ENUM_CONVERSION = YES;
				CLANG_WARN_INFINITE_RECURSION = YES;
				CLANG_WARN_INT_CONVERSION = YES;
				CLANG_WARN_NON_LITERAL_NULL_CONVERSION = YES;
				CLANG_WARN_OBJC_IMPLICIT_RETAIN_SELF = YES;
				CLANG_WARN_OBJC_LITERAL_CONVERSION = YES;
				CLANG_WARN_OBJC_ROOT_CLASS = YES_ERROR;
				CLANG_WARN_QUOTED_INCLUDE_IN_FRAMEWORK_HEADER = YES;
				CLANG_WARN_RANGE_LOOP_ANALYSIS = YES;
				CLANG_WARN_STRICT_PROTOTYPES = YES;
				CLANG_WARN_SUSPICIOUS_MOVE = YES;
				CLANG_WARN_UNGUARDED_AVAILABILITY = YES_AGGRESSIVE;
				CLANG_WARN_UNREACHABLE_CODE = YES;
				CLANG_WARN__DUPLICATE_METHOD_MATCH = YES;
				COPY_PHASE_STRIP = NO;
				DEBUG_INFORMATION_FORMAT = dwarf;
				ENABLE_STRICT_OBJC_MSGSEND = YES;
				ENABLE_TESTABILITY = YES;
				GCC_C_LANGUAGE_STANDARD = gnu11;
				GCC_DYNAMIC_NO_PIC = NO;
				GCC_NO_COMMON_BLOCKS = YES;
				GCC_OPTIMIZATION_LEVEL = 0;
				GCC_PREPROCESSOR_DEFINITIONS = (
					"$(inherited)",
					"DEBUG=1",
				);
				GCC_WARN_64_TO_32_BIT_CONVERSION = YES;
				GCC_WARN_ABOUT_RETURN_TYPE = YES_ERROR;
				GCC_WARN_UNDECLARED_SELECTOR = YES;
				GCC_WARN_UNINITIALIZED_AUTOS = YES_AGGRESSIVE;
				GCC_WARN_UNUSED_FUNCTION = YES;
				GCC_WARN_UNUSED_VARIABLE = YES;
				IPHONEOS_DEPLOYMENT_TARGET = 13.0;
				MTL_ENABLE_DEBUG_INFO = INCLUDE_SOURCE;
				MTL_FAST_MATH = YES;
				ONLY_ACTIVE_ARCH = YES;
				PRODUCT_NAME = "$(TARGET_NAME)";
				SDKROOT = iphoneos;
				SWIFT_ACTIVE_COMPILATION_CONDITIONS = DEBUG;
				SWIFT_OPTIMIZATION_LEVEL = "-Onone";
				SWIFT_VERSION = 5.0;
			};
			name = Debug;
		};
		266E5C088CC8701B4117B193 /* Release */ = {
			isa = XCBuildConfiguration;
			baseConfigurationReference = FB8479A1BD3CEADB6D4C5F2A /* Pods-AppcuesCocoapodsExample.release.xcconfig */;
			buildSettings = {
				ASSETCATALOG_COMPILER_APPICON_NAME = AppIcon;
				ASSETCATALOG_COMPILER_GLOBAL_ACCENT_COLOR_NAME = AccentColor;
				CODE_SIGN_ENTITLEMENTS = AppcuesCocoapodsExample.entitlements;
				CODE_SIGN_IDENTITY = "iPhone Developer";
				INFOPLIST_FILE = CocoapodsExample/Info.plist;
				LD_RUNPATH_SEARCH_PATHS = (
					"$(inherited)",
					"@executable_path/Frameworks",
				);
				PRODUCT_BUNDLE_IDENTIFIER = "com.appcues.sdk-example-cocoapods";
				SDKROOT = iphoneos;
				TARGETED_DEVICE_FAMILY = "1,2";
			};
			name = Release;
		};
		4F94E6007A88D980CC63B06F /* Debug */ = {
			isa = XCBuildConfiguration;
			buildSettings = {
				INFOPLIST_FILE = NotificationServiceExtension/Info.plist;
				LD_RUNPATH_SEARCH_PATHS = (
					"$(inherited)",
					"@executable_path/Frameworks",
					"@executable_path/../../Frameworks",
				);
				PRODUCT_BUNDLE_IDENTIFIER = "com.appcues.sdk-example-cocoapods.notification-service";
				SDKROOT = iphoneos;
				TARGETED_DEVICE_FAMILY = "1,2";
			};
			name = Debug;
		};
		B77C4DA932BE4B036BA18244 /* Release */ = {
			isa = XCBuildConfiguration;
			buildSettings = {
				INFOPLIST_FILE = NotificationServiceExtension/Info.plist;
				LD_RUNPATH_SEARCH_PATHS = (
					"$(inherited)",
					"@executable_path/Frameworks",
					"@executable_path/../../Frameworks",
				);
				PRODUCT_BUNDLE_IDENTIFIER = "com.appcues.sdk-example-cocoapods.notification-service";
				SDKROOT = iphoneos;
				TARGETED_DEVICE_FAMILY = "1,2";
			};
			name = Release;
		};
		D01B7AAA7120E84A3C1162B1 /* Release */ = {
			isa = XCBuildConfiguration;
			buildSettings = {
				ALWAYS_SEARCH_USER_PATHS = NO;
				CLANG_ANALYZER_NONNULL = YES;
				CLANG_ANALYZER_NUMBER_OBJECT_CONVERSION = YES_AGGRESSIVE;
				CLANG_CXX_LANGUAGE_STANDARD = "gnu++14";
				CLANG_CXX_LIBRARY = "libc++";
				CLANG_ENABLE_MODULES = YES;
				CLANG_ENABLE_OBJC_ARC = YES;
				CLANG_ENABLE_OBJC_WEAK = YES;
				CLANG_WARN_BLOCK_CAPTURE_AUTORELEASING = YES;
				CLANG_WARN_BOOL_CONVERSION = YES;
				CLANG_WARN_COMMA = YES;
				CLANG_WARN_CONSTANT_CONVERSION = YES;
				CLANG_WARN_DEPRECATED_OBJC_IMPLEMENTATIONS = YES;
				CLANG_WARN_DIRECT_OBJC_ISA_USAGE = YES_ERROR;
				CLANG_WARN_DOCUMENTATION_COMMENTS = YES;
				CLANG_WARN_EMPTY_BODY = YES;
				CLANG_WARN_ENUM_CONVERSION = YES;
				CLANG_WARN_INFINITE_RECURSION = YES;
				CLANG_WARN_INT_CONVERSION = YES;
				CLANG_WARN_NON_LITERAL_NULL_CONVERSION = YES;
				CLANG_WARN_OBJC_IMPLICIT_RETAIN_SELF = YES;
				CLANG_WARN_OBJC_LITERAL_CONVERSION = YES;
				CLANG_WARN_OBJC_ROOT_CLASS = YES_ERROR;
				CLANG_WARN_QUOTED_INCLUDE_IN_FRAMEWORK_HEADER = YES;
				CLANG_WARN_RANGE_LOOP_ANALYSIS = YES;
				CLANG_WARN_STRICT_PROTOTYPES = YES;
				CLANG_WARN_SUSPICIOUS_MOVE = YES;
				CLANG_WARN_UNGUARDED_AVAILABILITY = YES_AGGRESSIVE;
				CLANG_WARN_UNREACHABLE_CODE = YES;
				CLANG_WARN__DUPLICATE_METHOD_MATCH = YES;
				COPY_PHASE_STRIP = NO;
				DEBUG_INFORMATION_FORMAT = "dwarf-with-dsym";
				ENABLE_NS_ASSERTIONS = NO;
				ENABLE_STRICT_OBJC_MSGSEND = YES;
				GCC_C_LANGUAGE_STANDARD = gnu11;
				GCC_NO_COMMON_BLOCKS = YES;
				GCC_WARN_64_TO_32_BIT_CONVERSION = YES;
				GCC_WARN_ABOUT_RETURN_TYPE = YES_ERROR;
				GCC_WARN_UNDECLARED_SELECTOR = YES;
				GCC_WARN_UNINITIALIZED_AUTOS = YES_AGGRESSIVE;
				GCC_WARN_UNUSED_FUNCTION = YES;
				GCC_WARN_UNUSED_VARIABLE = YES;
				IPHONEOS_DEPLOYMENT_TARGET = 13.0;
				MTL_ENABLE_DEBUG_INFO = NO;
				MTL_FAST_MATH = YES;
				PRODUCT_NAME = "$(TARGET_NAME)";
				SDKROOT = iphoneos;
				SWIFT_COMPILATION_MODE = wholemodule;
				SWIFT_OPTIMIZATION_LEVEL = "-O";
				SWIFT_VERSION = 5.0;
			};
			name = Release;
		};
/* End XCBuildConfiguration section */

/* Begin XCConfigurationList section */
		7200554C7EB6F6E4E0D35C70 /* Build configuration list for PBXNativeTarget "AppcuesCocoapodsExample" */ = {
			isa = XCConfigurationList;
			buildConfigurations = (
				015038143918E0C7F9D7E873 /* Debug */,
				266E5C088CC8701B4117B193 /* Release */,
			);
			defaultConfigurationIsVisible = 0;
			defaultConfigurationName = Release;
		};
		95033167E7E129F199208F61 /* Build configuration list for PBXProject "AppcuesCocoapodsExample" */ = {
			isa = XCConfigurationList;
			buildConfigurations = (
				1D42133B47916C07002AA9C0 /* Debug */,
				D01B7AAA7120E84A3C1162B1 /* Release */,
			);
			defaultConfigurationIsVisible = 0;
			defaultConfigurationName = Release;
		};
		DA0D3F7775224770E811557C /* Build configuration list for PBXNativeTarget "NotificationServiceExtension" */ = {
			isa = XCConfigurationList;
			buildConfigurations = (
				4F94E6007A88D980CC63B06F /* Debug */,
				B77C4DA932BE4B036BA18244 /* Release */,
			);
			defaultConfigurationIsVisible = 0;
			defaultConfigurationName = Release;
		};
/* End XCConfigurationList section */
	};
	rootObject = 67D2B84E65AA4ACF4189F67E /* Project object */;
}
