// !$*UTF8*$!
{
	archiveVersion = 1;
	classes = {
	};
	objectVersion = 51;
	objects = {

/* Begin PBXBuildFile section */
		1ECCE8C6FBD1960AE47F88FF /* Assets.xcassets in Resources */ = {isa = PBXBuildFile; fileRef = 2E1BE92E4A34AD818AD21FDC /* Assets.xcassets */; };
		8CD1C015B33D6DEE7B3EF971 /* Main.storyboard in Resources */ = {isa = PBXBuildFile; fileRef = 024025AF9E2E0D38C368A6AC /* Main.storyboard */; };
		8FAFA9A285ECBCFC33239ED8 /* SceneDelegate.swift in Sources */ = {isa = PBXBuildFile; fileRef = 25B8CDCE5B93FC3FE0FEB574 /* SceneDelegate.swift */; };
		904FA593183F27EAEB698D3B /* Pods_AppcuesExample.framework in Frameworks */ = {isa = PBXBuildFile; fileRef = D5D970412F8682378B891608 /* Pods_AppcuesExample.framework */; };
		B66E134D7B3E9F000C09B7BF /* AppDelegate.swift in Sources */ = {isa = PBXBuildFile; fileRef = 10C713E67205D9507CE2DC80 /* AppDelegate.swift */; };
		BF84564825D8A64FEEBBD7B9 /* SignInViewController.swift in Sources */ = {isa = PBXBuildFile; fileRef = 1944B9908DE84092F2DD5EB2 /* SignInViewController.swift */; };
		C9FC213B271612AC003FCA26 /* EventsViewController.swift in Sources */ = {isa = PBXBuildFile; fileRef = C9FC213A271612AC003FCA26 /* EventsViewController.swift */; };
		C9FC213D27161A98003FCA26 /* ProfileViewController.swift in Sources */ = {isa = PBXBuildFile; fileRef = C9FC213C27161A98003FCA26 /* ProfileViewController.swift */; };
		FA2C2BD6B89C188374EE5A39 /* LaunchScreen.storyboard in Resources */ = {isa = PBXBuildFile; fileRef = 93D50517BBE18B336D130E13 /* LaunchScreen.storyboard */; };
/* End PBXBuildFile section */

/* Begin PBXFileReference section */
		10C713E67205D9507CE2DC80 /* AppDelegate.swift */ = {isa = PBXFileReference; lastKnownFileType = sourcecode.swift; path = AppDelegate.swift; sourceTree = "<group>"; };
		1944B9908DE84092F2DD5EB2 /* SignInViewController.swift */ = {isa = PBXFileReference; lastKnownFileType = sourcecode.swift; path = SignInViewController.swift; sourceTree = "<group>"; };
		25B8CDCE5B93FC3FE0FEB574 /* SceneDelegate.swift */ = {isa = PBXFileReference; lastKnownFileType = sourcecode.swift; path = SceneDelegate.swift; sourceTree = "<group>"; };
		2E1BE92E4A34AD818AD21FDC /* Assets.xcassets */ = {isa = PBXFileReference; lastKnownFileType = folder.assetcatalog; path = Assets.xcassets; sourceTree = "<group>"; };
		5DC2B62290580560D162A8E7 /* Base */ = {isa = PBXFileReference; lastKnownFileType = file.storyboard; name = Base; path = Base.lproj/LaunchScreen.storyboard; sourceTree = "<group>"; };
		82DED1437C1DA54F0C231566 /* Base */ = {isa = PBXFileReference; lastKnownFileType = file.storyboard; name = Base; path = Base.lproj/Main.storyboard; sourceTree = "<group>"; };
		8AC38A5C9AE477877D6922F0 /* AppcuesExample.app */ = {isa = PBXFileReference; includeInIndex = 0; lastKnownFileType = wrapper.application; path = AppcuesExample.app; sourceTree = BUILT_PRODUCTS_DIR; };
		9262AED8231B7BBBBEA70846 /* Pods-AppcuesExample.release.xcconfig */ = {isa = PBXFileReference; includeInIndex = 1; lastKnownFileType = text.xcconfig; name = "Pods-AppcuesExample.release.xcconfig"; path = "Target Support Files/Pods-AppcuesExample/Pods-AppcuesExample.release.xcconfig"; sourceTree = "<group>"; };
		AAD7ED9DCA5972361B3F5E67 /* Info.plist */ = {isa = PBXFileReference; lastKnownFileType = text.plist; path = Info.plist; sourceTree = "<group>"; };
		C9FC213A271612AC003FCA26 /* EventsViewController.swift */ = {isa = PBXFileReference; lastKnownFileType = sourcecode.swift; path = EventsViewController.swift; sourceTree = "<group>"; };
		C9FC213C27161A98003FCA26 /* ProfileViewController.swift */ = {isa = PBXFileReference; lastKnownFileType = sourcecode.swift; path = ProfileViewController.swift; sourceTree = "<group>"; };
		D5D970412F8682378B891608 /* Pods_AppcuesExample.framework */ = {isa = PBXFileReference; explicitFileType = wrapper.framework; includeInIndex = 0; path = Pods_AppcuesExample.framework; sourceTree = BUILT_PRODUCTS_DIR; };
		FD3291312A600D59FB79F38D /* Pods-AppcuesExample.debug.xcconfig */ = {isa = PBXFileReference; includeInIndex = 1; lastKnownFileType = text.xcconfig; name = "Pods-AppcuesExample.debug.xcconfig"; path = "Target Support Files/Pods-AppcuesExample/Pods-AppcuesExample.debug.xcconfig"; sourceTree = "<group>"; };
/* End PBXFileReference section */

/* Begin PBXFrameworksBuildPhase section */
		0F069DAB97309E2AF6B87DE7 /* Frameworks */ = {
			isa = PBXFrameworksBuildPhase;
			buildActionMask = 2147483647;
			files = (
				904FA593183F27EAEB698D3B /* Pods_AppcuesExample.framework in Frameworks */,
			);
			runOnlyForDeploymentPostprocessing = 0;
		};
/* End PBXFrameworksBuildPhase section */

/* Begin PBXGroup section */
		2F475DEF2FD32B8C2D5B3662 /* Pods */ = {
			isa = PBXGroup;
			children = (
				FD3291312A600D59FB79F38D /* Pods-AppcuesExample.debug.xcconfig */,
				9262AED8231B7BBBBEA70846 /* Pods-AppcuesExample.release.xcconfig */,
			);
			path = Pods;
			sourceTree = "<group>";
		};
		8E16BA0B4697D91DBE3389A7 /* CocoapodsExample */ = {
			isa = PBXGroup;
			children = (
				10C713E67205D9507CE2DC80 /* AppDelegate.swift */,
				2E1BE92E4A34AD818AD21FDC /* Assets.xcassets */,
				AAD7ED9DCA5972361B3F5E67 /* Info.plist */,
				93D50517BBE18B336D130E13 /* LaunchScreen.storyboard */,
				024025AF9E2E0D38C368A6AC /* Main.storyboard */,
				25B8CDCE5B93FC3FE0FEB574 /* SceneDelegate.swift */,
				1944B9908DE84092F2DD5EB2 /* SignInViewController.swift */,
				C9FC213A271612AC003FCA26 /* EventsViewController.swift */,
				C9FC213C27161A98003FCA26 /* ProfileViewController.swift */,
			);
			path = CocoapodsExample;
			sourceTree = "<group>";
		};
		BCEF7DF6F98EAEEB7A238DD8 /* Frameworks */ = {
			isa = PBXGroup;
			children = (
				D5D970412F8682378B891608 /* Pods_AppcuesExample.framework */,
			);
			name = Frameworks;
			sourceTree = "<group>";
		};
		C743E51709EACC21B03B3A23 /* Products */ = {
			isa = PBXGroup;
			children = (
				8AC38A5C9AE477877D6922F0 /* AppcuesExample.app */,
			);
			name = Products;
			sourceTree = "<group>";
		};
		C7A6ECAD43638C565FF25B3E = {
			isa = PBXGroup;
			children = (
				8E16BA0B4697D91DBE3389A7 /* CocoapodsExample */,
				C743E51709EACC21B03B3A23 /* Products */,
				2F475DEF2FD32B8C2D5B3662 /* Pods */,
				BCEF7DF6F98EAEEB7A238DD8 /* Frameworks */,
			);
			sourceTree = "<group>";
		};
/* End PBXGroup section */

/* Begin PBXNativeTarget section */
		EE4034F53B7E74A39A2B99A3 /* AppcuesExample */ = {
			isa = PBXNativeTarget;
			buildConfigurationList = 44A11B02AAA159FB6655C236 /* Build configuration list for PBXNativeTarget "AppcuesExample" */;
			buildPhases = (
				38CB55F8870FB1AD54415B4F /* [CP] Check Pods Manifest.lock */,
				7403ADEC348DF8055AFAEAF9 /* Sources */,
				68F7817F317CF9959082C880 /* Resources */,
				D68688A27D978475568152C7 /* SwiftLint */,
				0F069DAB97309E2AF6B87DE7 /* Frameworks */,
				93147B473027F6EAFFB9FD55 /* [CP] Embed Pods Frameworks */,
			);
			buildRules = (
			);
			dependencies = (
			);
			name = AppcuesExample;
			productName = AppcuesExample;
			productReference = 8AC38A5C9AE477877D6922F0 /* AppcuesExample.app */;
			productType = "com.apple.product-type.application";
		};
/* End PBXNativeTarget section */

/* Begin PBXProject section */
		67D2B84E65AA4ACF4189F67E /* Project object */ = {
			isa = PBXProject;
			attributes = {
				LastUpgradeCheck = 1200;
			};
			buildConfigurationList = 95033167E7E129F199208F61 /* Build configuration list for PBXProject "AppcuesCocoapodsExample" */;
			compatibilityVersion = "Xcode 10.0";
			developmentRegion = en;
			hasScannedForEncodings = 0;
			knownRegions = (
				Base,
				en,
			);
			mainGroup = C7A6ECAD43638C565FF25B3E;
			productRefGroup = C743E51709EACC21B03B3A23 /* Products */;
			projectDirPath = "";
			projectRoot = "";
			targets = (
				EE4034F53B7E74A39A2B99A3 /* AppcuesExample */,
			);
		};
/* End PBXProject section */

/* Begin PBXResourcesBuildPhase section */
		68F7817F317CF9959082C880 /* Resources */ = {
			isa = PBXResourcesBuildPhase;
			buildActionMask = 2147483647;
			files = (
				1ECCE8C6FBD1960AE47F88FF /* Assets.xcassets in Resources */,
				FA2C2BD6B89C188374EE5A39 /* LaunchScreen.storyboard in Resources */,
				8CD1C015B33D6DEE7B3EF971 /* Main.storyboard in Resources */,
			);
			runOnlyForDeploymentPostprocessing = 0;
		};
/* End PBXResourcesBuildPhase section */

/* Begin PBXShellScriptBuildPhase section */
		38CB55F8870FB1AD54415B4F /* [CP] Check Pods Manifest.lock */ = {
			isa = PBXShellScriptBuildPhase;
			buildActionMask = 2147483647;
			files = (
			);
			inputFileListPaths = (
			);
			inputPaths = (
				"${PODS_PODFILE_DIR_PATH}/Podfile.lock",
				"${PODS_ROOT}/Manifest.lock",
			);
			name = "[CP] Check Pods Manifest.lock";
			outputFileListPaths = (
			);
			outputPaths = (
				"$(DERIVED_FILE_DIR)/Pods-AppcuesExample-checkManifestLockResult.txt",
			);
			runOnlyForDeploymentPostprocessing = 0;
			shellPath = /bin/sh;
			shellScript = "diff \"${PODS_PODFILE_DIR_PATH}/Podfile.lock\" \"${PODS_ROOT}/Manifest.lock\" > /dev/null\nif [ $? != 0 ] ; then\n    # print error to STDERR\n    echo \"error: The sandbox is not in sync with the Podfile.lock. Run 'pod install' or update your CocoaPods installation.\" >&2\n    exit 1\nfi\n# This output is used by Xcode 'outputs' to avoid re-running this script phase.\necho \"SUCCESS\" > \"${SCRIPT_OUTPUT_FILE_0}\"\n";
			showEnvVarsInLog = 0;
		};
		93147B473027F6EAFFB9FD55 /* [CP] Embed Pods Frameworks */ = {
			isa = PBXShellScriptBuildPhase;
			buildActionMask = 2147483647;
			files = (
			);
			inputFileListPaths = (
				"${PODS_ROOT}/Target Support Files/Pods-AppcuesExample/Pods-AppcuesExample-frameworks-${CONFIGURATION}-input-files.xcfilelist",
			);
			name = "[CP] Embed Pods Frameworks";
			outputFileListPaths = (
				"${PODS_ROOT}/Target Support Files/Pods-AppcuesExample/Pods-AppcuesExample-frameworks-${CONFIGURATION}-output-files.xcfilelist",
			);
			runOnlyForDeploymentPostprocessing = 0;
			shellPath = /bin/sh;
			shellScript = "\"${PODS_ROOT}/Target Support Files/Pods-AppcuesExample/Pods-AppcuesExample-frameworks.sh\"\n";
			showEnvVarsInLog = 0;
		};
		D68688A27D978475568152C7 /* SwiftLint */ = {
			isa = PBXShellScriptBuildPhase;
			buildActionMask = 2147483647;
			files = (
			);
			inputFileListPaths = (
			);
			inputPaths = (
			);
			name = SwiftLint;
			outputFileListPaths = (
			);
			outputPaths = (
			);
			runOnlyForDeploymentPostprocessing = 0;
			shellPath = /bin/sh;
			shellScript = "if which mint >/dev/null; then\nmint run swiftlint\nelse\necho \"warning: Mint not installed, install from https://github.com/yonaskolb/Mint\"\nfi ";
		};
/* End PBXShellScriptBuildPhase section */

/* Begin PBXSourcesBuildPhase section */
		7403ADEC348DF8055AFAEAF9 /* Sources */ = {
			isa = PBXSourcesBuildPhase;
			buildActionMask = 2147483647;
			files = (
				B66E134D7B3E9F000C09B7BF /* AppDelegate.swift in Sources */,
				C9FC213B271612AC003FCA26 /* EventsViewController.swift in Sources */,
				C9FC213D27161A98003FCA26 /* ProfileViewController.swift in Sources */,
				8FAFA9A285ECBCFC33239ED8 /* SceneDelegate.swift in Sources */,
				BF84564825D8A64FEEBBD7B9 /* SignInViewController.swift in Sources */,
			);
			runOnlyForDeploymentPostprocessing = 0;
		};
/* End PBXSourcesBuildPhase section */

/* Begin PBXVariantGroup section */
		024025AF9E2E0D38C368A6AC /* Main.storyboard */ = {
			isa = PBXVariantGroup;
			children = (
				82DED1437C1DA54F0C231566 /* Base */,
			);
			name = Main.storyboard;
			sourceTree = "<group>";
		};
		93D50517BBE18B336D130E13 /* LaunchScreen.storyboard */ = {
			isa = PBXVariantGroup;
			children = (
				5DC2B62290580560D162A8E7 /* Base */,
			);
			name = LaunchScreen.storyboard;
			sourceTree = "<group>";
		};
/* End PBXVariantGroup section */

/* Begin XCBuildConfiguration section */
		1D42133B47916C07002AA9C0 /* Debug */ = {
			isa = XCBuildConfiguration;
			buildSettings = {
				ALWAYS_SEARCH_USER_PATHS = NO;
				CLANG_ANALYZER_NONNULL = YES;
				CLANG_ANALYZER_NUMBER_OBJECT_CONVERSION = YES_AGGRESSIVE;
				CLANG_CXX_LANGUAGE_STANDARD = "gnu++14";
				CLANG_CXX_LIBRARY = "libc++";
				CLANG_ENABLE_MODULES = YES;
				CLANG_ENABLE_OBJC_ARC = YES;
				CLANG_ENABLE_OBJC_WEAK = YES;
				CLANG_WARN_BLOCK_CAPTURE_AUTORELEASING = YES;
				CLANG_WARN_BOOL_CONVERSION = YES;
				CLANG_WARN_COMMA = YES;
				CLANG_WARN_CONSTANT_CONVERSION = YES;
				CLANG_WARN_DEPRECATED_OBJC_IMPLEMENTATIONS = YES;
				CLANG_WARN_DIRECT_OBJC_ISA_USAGE = YES_ERROR;
				CLANG_WARN_DOCUMENTATION_COMMENTS = YES;
				CLANG_WARN_EMPTY_BODY = YES;
				CLANG_WARN_ENUM_CONVERSION = YES;
				CLANG_WARN_INFINITE_RECURSION = YES;
				CLANG_WARN_INT_CONVERSION = YES;
				CLANG_WARN_NON_LITERAL_NULL_CONVERSION = YES;
				CLANG_WARN_OBJC_IMPLICIT_RETAIN_SELF = YES;
				CLANG_WARN_OBJC_LITERAL_CONVERSION = YES;
				CLANG_WARN_OBJC_ROOT_CLASS = YES_ERROR;
				CLANG_WARN_QUOTED_INCLUDE_IN_FRAMEWORK_HEADER = YES;
				CLANG_WARN_RANGE_LOOP_ANALYSIS = YES;
				CLANG_WARN_STRICT_PROTOTYPES = YES;
				CLANG_WARN_SUSPICIOUS_MOVE = YES;
				CLANG_WARN_UNGUARDED_AVAILABILITY = YES_AGGRESSIVE;
				CLANG_WARN_UNREACHABLE_CODE = YES;
				CLANG_WARN__DUPLICATE_METHOD_MATCH = YES;
				COPY_PHASE_STRIP = NO;
				DEBUG_INFORMATION_FORMAT = dwarf;
				ENABLE_STRICT_OBJC_MSGSEND = YES;
				ENABLE_TESTABILITY = YES;
				GCC_C_LANGUAGE_STANDARD = gnu11;
				GCC_DYNAMIC_NO_PIC = NO;
				GCC_NO_COMMON_BLOCKS = YES;
				GCC_OPTIMIZATION_LEVEL = 0;
				GCC_PREPROCESSOR_DEFINITIONS = (
					"$(inherited)",
					"DEBUG=1",
				);
				GCC_WARN_64_TO_32_BIT_CONVERSION = YES;
				GCC_WARN_ABOUT_RETURN_TYPE = YES_ERROR;
				GCC_WARN_UNDECLARED_SELECTOR = YES;
				GCC_WARN_UNINITIALIZED_AUTOS = YES_AGGRESSIVE;
				GCC_WARN_UNUSED_FUNCTION = YES;
				GCC_WARN_UNUSED_VARIABLE = YES;
				IPHONEOS_DEPLOYMENT_TARGET = 13.0;
				MTL_ENABLE_DEBUG_INFO = INCLUDE_SOURCE;
				MTL_FAST_MATH = YES;
				ONLY_ACTIVE_ARCH = YES;
				PRODUCT_NAME = "$(TARGET_NAME)";
				SDKROOT = iphoneos;
				SWIFT_ACTIVE_COMPILATION_CONDITIONS = DEBUG;
				SWIFT_OPTIMIZATION_LEVEL = "-Onone";
				SWIFT_VERSION = 5.0;
			};
			name = Debug;
		};
		7C6739608B39064974C0FECB /* Release */ = {
			isa = XCBuildConfiguration;
			baseConfigurationReference = 9262AED8231B7BBBBEA70846 /* Pods-AppcuesExample.release.xcconfig */;
			buildSettings = {
				ASSETCATALOG_COMPILER_APPICON_NAME = AppIcon;
				ASSETCATALOG_COMPILER_GLOBAL_ACCENT_COLOR_NAME = AccentColor;
				CODE_SIGN_IDENTITY = "iPhone Developer";
				INFOPLIST_FILE = CocoapodsExample/Info.plist;
				LD_RUNPATH_SEARCH_PATHS = (
					"$(inherited)",
					"@executable_path/Frameworks",
				);
				PRODUCT_BUNDLE_IDENTIFIER = "com.appcues.cocoapods-example";
				SDKROOT = iphoneos;
				TARGETED_DEVICE_FAMILY = "1,2";
			};
			name = Release;
		};
		D01B7AAA7120E84A3C1162B1 /* Release */ = {
			isa = XCBuildConfiguration;
			buildSettings = {
				ALWAYS_SEARCH_USER_PATHS = NO;
				CLANG_ANALYZER_NONNULL = YES;
				CLANG_ANALYZER_NUMBER_OBJECT_CONVERSION = YES_AGGRESSIVE;
				CLANG_CXX_LANGUAGE_STANDARD = "gnu++14";
				CLANG_CXX_LIBRARY = "libc++";
				CLANG_ENABLE_MODULES = YES;
				CLANG_ENABLE_OBJC_ARC = YES;
				CLANG_ENABLE_OBJC_WEAK = YES;
				CLANG_WARN_BLOCK_CAPTURE_AUTORELEASING = YES;
				CLANG_WARN_BOOL_CONVERSION = YES;
				CLANG_WARN_COMMA = YES;
				CLANG_WARN_CONSTANT_CONVERSION = YES;
				CLANG_WARN_DEPRECATED_OBJC_IMPLEMENTATIONS = YES;
				CLANG_WARN_DIRECT_OBJC_ISA_USAGE = YES_ERROR;
				CLANG_WARN_DOCUMENTATION_COMMENTS = YES;
				CLANG_WARN_EMPTY_BODY = YES;
				CLANG_WARN_ENUM_CONVERSION = YES;
				CLANG_WARN_INFINITE_RECURSION = YES;
				CLANG_WARN_INT_CONVERSION = YES;
				CLANG_WARN_NON_LITERAL_NULL_CONVERSION = YES;
				CLANG_WARN_OBJC_IMPLICIT_RETAIN_SELF = YES;
				CLANG_WARN_OBJC_LITERAL_CONVERSION = YES;
				CLANG_WARN_OBJC_ROOT_CLASS = YES_ERROR;
				CLANG_WARN_QUOTED_INCLUDE_IN_FRAMEWORK_HEADER = YES;
				CLANG_WARN_RANGE_LOOP_ANALYSIS = YES;
				CLANG_WARN_STRICT_PROTOTYPES = YES;
				CLANG_WARN_SUSPICIOUS_MOVE = YES;
				CLANG_WARN_UNGUARDED_AVAILABILITY = YES_AGGRESSIVE;
				CLANG_WARN_UNREACHABLE_CODE = YES;
				CLANG_WARN__DUPLICATE_METHOD_MATCH = YES;
				COPY_PHASE_STRIP = NO;
				DEBUG_INFORMATION_FORMAT = "dwarf-with-dsym";
				ENABLE_NS_ASSERTIONS = NO;
				ENABLE_STRICT_OBJC_MSGSEND = YES;
				GCC_C_LANGUAGE_STANDARD = gnu11;
				GCC_NO_COMMON_BLOCKS = YES;
				GCC_WARN_64_TO_32_BIT_CONVERSION = YES;
				GCC_WARN_ABOUT_RETURN_TYPE = YES_ERROR;
				GCC_WARN_UNDECLARED_SELECTOR = YES;
				GCC_WARN_UNINITIALIZED_AUTOS = YES_AGGRESSIVE;
				GCC_WARN_UNUSED_FUNCTION = YES;
				GCC_WARN_UNUSED_VARIABLE = YES;
				IPHONEOS_DEPLOYMENT_TARGET = 13.0;
				MTL_ENABLE_DEBUG_INFO = NO;
				MTL_FAST_MATH = YES;
				PRODUCT_NAME = "$(TARGET_NAME)";
				SDKROOT = iphoneos;
				SWIFT_COMPILATION_MODE = wholemodule;
				SWIFT_OPTIMIZATION_LEVEL = "-O";
				SWIFT_VERSION = 5.0;
			};
			name = Release;
		};
		FF6FD7257027DB2569C26BC9 /* Debug */ = {
			isa = XCBuildConfiguration;
			baseConfigurationReference = FD3291312A600D59FB79F38D /* Pods-AppcuesExample.debug.xcconfig */;
			buildSettings = {
				ASSETCATALOG_COMPILER_APPICON_NAME = AppIcon;
				ASSETCATALOG_COMPILER_GLOBAL_ACCENT_COLOR_NAME = AccentColor;
				CODE_SIGN_IDENTITY = "iPhone Developer";
				INFOPLIST_FILE = CocoapodsExample/Info.plist;
				LD_RUNPATH_SEARCH_PATHS = (
					"$(inherited)",
					"@executable_path/Frameworks",
				);
				PRODUCT_BUNDLE_IDENTIFIER = "com.appcues.cocoapods-example";
				SDKROOT = iphoneos;
				TARGETED_DEVICE_FAMILY = "1,2";
			};
			name = Debug;
		};
/* End XCBuildConfiguration section */

/* Begin XCConfigurationList section */
		44A11B02AAA159FB6655C236 /* Build configuration list for PBXNativeTarget "AppcuesExample" */ = {
			isa = XCConfigurationList;
			buildConfigurations = (
				FF6FD7257027DB2569C26BC9 /* Debug */,
				7C6739608B39064974C0FECB /* Release */,
			);
			defaultConfigurationIsVisible = 0;
			defaultConfigurationName = Release;
		};
		95033167E7E129F199208F61 /* Build configuration list for PBXProject "AppcuesCocoapodsExample" */ = {
			isa = XCConfigurationList;
			buildConfigurations = (
				1D42133B47916C07002AA9C0 /* Debug */,
				D01B7AAA7120E84A3C1162B1 /* Release */,
			);
			defaultConfigurationIsVisible = 0;
			defaultConfigurationName = Release;
		};
/* End XCConfigurationList section */
	};
	rootObject = 67D2B84E65AA4ACF4189F67E /* Project object */;
}
