PODS:
  - Appcues (4.2.0)
  - AppcuesNotificationService (4.2.0)

DEPENDENCIES:
  - Appcues (from `../../Appcues.podspec`)
  - AppcuesNotificationService (from `../../AppcuesNotificationService.podspec`)

EXTERNAL SOURCES:
  Appcues:
    :path: "../../Appcues.podspec"
  AppcuesNotificationService:
    :path: "../../AppcuesNotificationService.podspec"

SPEC CHECKSUMS:
  Appcues: 0d2ccd7577dbf1b5e6c65d33630d6058abf1640e
  AppcuesNotificationService: 0cebce4f4417b31881ee21e080a39d1a30fd3126

PODFILE CHECKSUM: 24c643e3c9c013c74f5d561608aa37768cb0c43e

COCOAPODS: 1.15.2
