PODS:
  - Appcues (5.0.0)
  - AppcuesNotificationService (5.0.0)

DEPENDENCIES:
  - Appcues (from `../../Appcues.podspec`)
  - AppcuesNotificationService (from `../../AppcuesNotificationService.podspec`)

EXTERNAL SOURCES:
  Appcues:
    :path: "../../Appcues.podspec"
  AppcuesNotificationService:
    :path: "../../AppcuesNotificationService.podspec"

SPEC CHECKSUMS:
  Appcues: d04033bf9e6a6f9803a2f6e466f0a433010a1a87
  AppcuesNotificationService: 84358bc93e1c12a67592cbcd73d0fa1599d51b57

PODFILE CHECKSUM: 24c643e3c9c013c74f5d561608aa37768cb0c43e

COCOAPODS: 1.16.2
