PODS:
  - Appcues (5.0.0-beta.1)
  - AppcuesNotificationService (5.0.0-beta.1)

DEPENDENCIES:
  - Appcues (from `../../Appcues.podspec`)
  - AppcuesNotificationService (from `../../AppcuesNotificationService.podspec`)

EXTERNAL SOURCES:
  Appcues:
    :path: "../../Appcues.podspec"
  AppcuesNotificationService:
    :path: "../../AppcuesNotificationService.podspec"

SPEC CHECKSUMS:
  Appcues: 9dce4c0e09ca08afb69e8c8499fa04be0e28cfd9
  AppcuesNotificationService: 9421d1acdc5beddc37ecfc2e59c23507eb7cc950

PODFILE CHECKSUM: 24c643e3c9c013c74f5d561608aa37768cb0c43e

COCOAPODS: 1.16.2
